
Microsoft Visual Studio Solution File, Format Version 12.00
# Visual Studio Version 17
VisualStudioVersion = 17.14.36915.13
MinimumVisualStudioVersion = 10.0.40219.1
Project("{FAE04EC0-301F-11D3-BF4B-00C04F79EFBC}") = "WinFormsCourse", "WinFormsCourse\WinFormsCourse.csproj", "{D9C27683-86B5-45F3-BC9A-01060EDB77B0}"
EndProject
Project("{FAE04EC0-301F-11D3-BF4B-00C04F79EFBC}") = "Entities", "Entities\Entities.csproj", "{DA23C2F3-2B4C-4062-9CF0-C1BEF669BF72}"
EndProject
Project("{FAE04EC0-301F-11D3-BF4B-00C04F79EFBC}") = "Application", "Application\Application.csproj", "{AD017344-E5C9-4C39-A131-6B64419A682E}"
EndProject
Project("{FAE04EC0-301F-11D3-BF4B-00C04F79EFBC}") = "Models", "Models\Models.csproj", "{02C2C105-0DFA-4F24-95CD-008D7E6A59EC}"
EndProject
Project("{FAE04EC0-301F-11D3-BF4B-00C04F79EFBC}") = "Data", "Data\Data.csproj", "{F6879932-8677-48E0-B0CB-B25D4DA19AF3}"
EndProject
Global
	GlobalSection(SolutionConfigurationPlatforms) = preSolution
		Debug|Any CPU = Debug|Any CPU
		Release|Any CPU = Release|Any CPU
	EndGlobalSection
	GlobalSection(ProjectConfigurationPlatforms) = postSolution
		{D9C27683-86B5-45F3-BC9A-01060EDB77B0}.Debug|Any CPU.ActiveCfg = Debug|Any CPU
		{D9C27683-86B5-45F3-BC9A-01060EDB77B0}.Debug|Any CPU.Build.0 = Debug|Any CPU
		{D9C27683-86B5-45F3-BC9A-01060EDB77B0}.Release|Any CPU.ActiveCfg = Release|Any CPU
		{D9C27683-86B5-45F3-BC9A-01060EDB77B0}.Release|Any CPU.Build.0 = Release|Any CPU
		{DA23C2F3-2B4C-4062-9CF0-C1BEF669BF72}.Debug|Any CPU.ActiveCfg = Debug|Any CPU
		{DA23C2F3-2B4C-4062-9CF0-C1BEF669BF72}.Debug|Any CPU.Build.0 = Debug|Any CPU
		{DA23C2F3-2B4C-4062-9CF0-C1BEF669BF72}.Release|Any CPU.ActiveCfg = Release|Any CPU
		{DA23C2F3-2B4C-4062-9CF0-C1BEF669BF72}.Release|Any CPU.Build.0 = Release|Any CPU
		{AD017344-E5C9-4C39-A131-6B64419A682E}.Debug|Any CPU.ActiveCfg = Debug|Any CPU
		{AD017344-E5C9-4C39-A131-6B64419A682E}.Debug|Any CPU.Build.0 = Debug|Any CPU
		{AD017344-E5C9-4C39-A131-6B64419A682E}.Release|Any CPU.ActiveCfg = Release|Any CPU
		{AD017344-E5C9-4C39-A131-6B64419A682E}.Release|Any CPU.Build.0 = Release|Any CPU
		{02C2C105-0DFA-4F24-95CD-008D7E6A59EC}.Debug|Any CPU.ActiveCfg = Debug|Any CPU
		{02C2C105-0DFA-4F24-95CD-008D7E6A59EC}.Debug|Any CPU.Build.0 = Debug|Any CPU
		{02C2C105-0DFA-4F24-95CD-008D7E6A59EC}.Release|Any CPU.ActiveCfg = Release|Any CPU
		{02C2C105-0DFA-4F24-95CD-008D7E6A59EC}.Release|Any CPU.Build.0 = Release|Any CPU
		{F6879932-8677-48E0-B0CB-B25D4DA19AF3}.Debug|Any CPU.ActiveCfg = Debug|Any CPU
		{F6879932-8677-48E0-B0CB-B25D4DA19AF3}.Debug|Any CPU.Build.0 = Debug|Any CPU
		{F6879932-8677-48E0-B0CB-B25D4DA19AF3}.Release|Any CPU.ActiveCfg = Release|Any CPU
		{F6879932-8677-48E0-B0CB-B25D4DA19AF3}.Release|Any CPU.Build.0 = Release|Any CPU
	EndGlobalSection
	GlobalSection(SolutionProperties) = preSolution
		HideSolutionNode = FALSE
	EndGlobalSection
	GlobalSection(ExtensibilityGlobals) = postSolution
		SolutionGuid = {6368EAAB-B325-4935-BA78-F5518F038CCC}
	EndGlobalSection
EndGlobal
